
Microsoft Visual Studio Solution File, Format Version 12.00
# Visual Studio Version 16
VisualStudioVersion = 16.0.31321.278
MinimumVisualStudioVersion = 10.0.40219.1
Project("{9A19103F-16F7-4668-BE54-9A1E7A4F7556}") = "EShopSolution.WebApp", "EShopSolution.WebApp\EShopSolution.WebApp.csproj", "{0494644F-DAA0-4915-8056-1172596B323E}"
EndProject
Project("{9A19103F-16F7-4668-BE54-9A1E7A4F7556}") = "EShopSolution.Data", "EShopSolution.Data\EShopSolution.Data.csproj", "{63974260-6718-4899-B0BB-9FBA6C3DC890}"
EndProject
Project("{9A19103F-16F7-4668-BE54-9A1E7A4F7556}") = "EShopSolution.Application", "EShopSolution.Application\EShopSolution.Application.csproj", "{CF02B5F6-3A21-4FB2-AE5C-F6A195F6CB8C}"
EndProject
Project("{9A19103F-16F7-4668-BE54-9A1E7A4F7556}") = "EShopSolution.Utilities", "EShopSolution.Utilities\EShopSolution.Utilities.csproj", "{5BECFFE5-9CC3-4006-8D17-9E16522E1BF0}"
EndProject
Project("{9A19103F-16F7-4668-BE54-9A1E7A4F7556}") = "EShopSolution.ViewModels", "EShopSolution.ViewModels\EShopSolution.ViewModels.csproj", "{9D7CF1CF-6615-43F2-9089-5461F47D37B4}"
EndProject
Project("{9A19103F-16F7-4668-BE54-9A1E7A4F7556}") = "EShopSolution.BackendApi", "EShopSolution.BackendApi\EShopSolution.BackendApi.csproj", "{52D00011-8D62-4F34-84BF-C1F2FC4273DB}"
EndProject
Project("{2150E333-8FDC-42A3-9474-1A3956D46DE8}") = "1.Infrastructure", "1.Infrastructure", "{B4025F2C-8C07-4FEF-9B65-3D42B3F32F19}"
EndProject
Project("{2150E333-8FDC-42A3-9474-1A3956D46DE8}") = "2.Domain", "2.Domain", "{BB2559FB-B43E-4873-80B8-94F77803E886}"
EndProject
Project("{2150E333-8FDC-42A3-9474-1A3956D46DE8}") = "3.Host", "3.Host", "{28590FA3-9C1A-407F-BC98-B3499D6AD88D}"
EndProject
Global
	GlobalSection(SolutionConfigurationPlatforms) = preSolution
		Debug|Any CPU = Debug|Any CPU
		Release|Any CPU = Release|Any CPU
	EndGlobalSection
	GlobalSection(ProjectConfigurationPlatforms) = postSolution
		{0494644F-DAA0-4915-8056-1172596B323E}.Debug|Any CPU.ActiveCfg = Debug|Any CPU
		{0494644F-DAA0-4915-8056-1172596B323E}.Debug|Any CPU.Build.0 = Debug|Any CPU
		{0494644F-DAA0-4915-8056-1172596B323E}.Release|Any CPU.ActiveCfg = Release|Any CPU
		{0494644F-DAA0-4915-8056-1172596B323E}.Release|Any CPU.Build.0 = Release|Any CPU
		{63974260-6718-4899-B0BB-9FBA6C3DC890}.Debug|Any CPU.ActiveCfg = Debug|Any CPU
		{63974260-6718-4899-B0BB-9FBA6C3DC890}.Debug|Any CPU.Build.0 = Debug|Any CPU
		{63974260-6718-4899-B0BB-9FBA6C3DC890}.Release|Any CPU.ActiveCfg = Release|Any CPU
		{63974260-6718-4899-B0BB-9FBA6C3DC890}.Release|Any CPU.Build.0 = Release|Any CPU
		{CF02B5F6-3A21-4FB2-AE5C-F6A195F6CB8C}.Debug|Any CPU.ActiveCfg = Debug|Any CPU
		{CF02B5F6-3A21-4FB2-AE5C-F6A195F6CB8C}.Debug|Any CPU.Build.0 = Debug|Any CPU
		{CF02B5F6-3A21-4FB2-AE5C-F6A195F6CB8C}.Release|Any CPU.ActiveCfg = Release|Any CPU
		{CF02B5F6-3A21-4FB2-AE5C-F6A195F6CB8C}.Release|Any CPU.Build.0 = Release|Any CPU
		{5BECFFE5-9CC3-4006-8D17-9E16522E1BF0}.Debug|Any CPU.ActiveCfg = Debug|Any CPU
		{5BECFFE5-9CC3-4006-8D17-9E16522E1BF0}.Debug|Any CPU.Build.0 = Debug|Any CPU
		{5BECFFE5-9CC3-4006-8D17-9E16522E1BF0}.Release|Any CPU.ActiveCfg = Release|Any CPU
		{5BECFFE5-9CC3-4006-8D17-9E16522E1BF0}.Release|Any CPU.Build.0 = Release|Any CPU
		{9D7CF1CF-6615-43F2-9089-5461F47D37B4}.Debug|Any CPU.ActiveCfg = Debug|Any CPU
		{9D7CF1CF-6615-43F2-9089-5461F47D37B4}.Debug|Any CPU.Build.0 = Debug|Any CPU
		{9D7CF1CF-6615-43F2-9089-5461F47D37B4}.Release|Any CPU.ActiveCfg = Release|Any CPU
		{9D7CF1CF-6615-43F2-9089-5461F47D37B4}.Release|Any CPU.Build.0 = Release|Any CPU
		{52D00011-8D62-4F34-84BF-C1F2FC4273DB}.Debug|Any CPU.ActiveCfg = Debug|Any CPU
		{52D00011-8D62-4F34-84BF-C1F2FC4273DB}.Debug|Any CPU.Build.0 = Debug|Any CPU
		{52D00011-8D62-4F34-84BF-C1F2FC4273DB}.Release|Any CPU.ActiveCfg = Release|Any CPU
		{52D00011-8D62-4F34-84BF-C1F2FC4273DB}.Release|Any CPU.Build.0 = Release|Any CPU
	EndGlobalSection
	GlobalSection(SolutionProperties) = preSolution
		HideSolutionNode = FALSE
	EndGlobalSection
	GlobalSection(NestedProjects) = preSolution
		{0494644F-DAA0-4915-8056-1172596B323E} = {28590FA3-9C1A-407F-BC98-B3499D6AD88D}
		{63974260-6718-4899-B0BB-9FBA6C3DC890} = {BB2559FB-B43E-4873-80B8-94F77803E886}
		{CF02B5F6-3A21-4FB2-AE5C-F6A195F6CB8C} = {BB2559FB-B43E-4873-80B8-94F77803E886}
		{5BECFFE5-9CC3-4006-8D17-9E16522E1BF0} = {B4025F2C-8C07-4FEF-9B65-3D42B3F32F19}
		{9D7CF1CF-6615-43F2-9089-5461F47D37B4} = {B4025F2C-8C07-4FEF-9B65-3D42B3F32F19}
		{52D00011-8D62-4F34-84BF-C1F2FC4273DB} = {28590FA3-9C1A-407F-BC98-B3499D6AD88D}
	EndGlobalSection
	GlobalSection(ExtensibilityGlobals) = postSolution
		SolutionGuid = {6F3FE16A-9D5D-419A-B7A1-CF69C8377FD7}
	EndGlobalSection
EndGlobal
